
Microsoft Visual Studio Solution File, Format Version 12.00
# Visual Studio 15
VisualStudioVersion = 15.0.27130.2024
MinimumVisualStudioVersion = 10.0.40219.1
Project("{9092AA53-FB77-4645-B42D-1CCCA6BD08BD}") = "ExpressApp2", "ExpressApp2\ExpressApp2.njsproj", "{90620571-2E03-474D-94E9-2848EE3D830C}"
EndProject
Global
	GlobalSection(SolutionConfigurationPlatforms) = preSolution
		Debug|Any CPU = Debug|Any CPU
		Release|Any CPU = Release|Any CPU
	EndGlobalSection
	GlobalSection(ProjectConfigurationPlatforms) = postSolution
		{90620571-2E03-474D-94E9-2848EE3D830C}.Debug|Any CPU.ActiveCfg = Debug|Any CPU
		{90620571-2E03-474D-94E9-2848EE3D830C}.Debug|Any CPU.Build.0 = Debug|Any CPU
		{90620571-2E03-474D-94E9-2848EE3D830C}.Release|Any CPU.ActiveCfg = Release|Any CPU
		{90620571-2E03-474D-94E9-2848EE3D830C}.Release|Any CPU.Build.0 = Release|Any CPU
	EndGlobalSection
	GlobalSection(SolutionProperties) = preSolution
		HideSolutionNode = FALSE
	EndGlobalSection
	GlobalSection(ExtensibilityGlobals) = postSolution
		SolutionGuid = {8473736F-6106-4D32-9A7B-161D40667164}
	EndGlobalSection
EndGlobal
